<Solution>
  <Folder Name="/src/">
    <Project Path="src/Avw.Api/Avw.Api.csproj" />
    <Project Path="src/Avw.Core/Avw.Core.csproj" />
    <Project Path="src/Avw.Data/Avw.Data.csproj" />
    <Project Path="src/Avw.Migration/Avw.Migration.csproj" />
    <Project Path="src/Avw.Migrator/Avw.Migrator.csproj" />
    <Project Path="src/Avw.Worker/Avw.Worker.csproj" />
  </Folder>
  <Folder Name="/tests/">
    <Project Path="tests/Avw.Api.Tests/Avw.Api.Tests.csproj" />
  </Folder>
</Solution>
